
Microsoft Visual Studio Solution File, Format Version 12.00
# Visual Studio Version 17
VisualStudioVersion = 17.3.32922.545
MinimumVisualStudioVersion = 10.0.40219.1
Project("{FAE04EC0-301F-11D3-BF4B-00C04F79EFBC}") = "Anagram", "Anagram\Anagram.csproj", "{90738939-D7EA-4354-A194-67C37D5A796C}"
EndProject
Global
	GlobalSection(SolutionConfigurationPlatforms) = preSolution
		Debug|Any CPU = Debug|Any CPU
		Release|Any CPU = Release|Any CPU
	EndGlobalSection
	GlobalSection(ProjectConfigurationPlatforms) = postSolution
		{90738939-D7EA-4354-A194-67C37D5A796C}.Debug|Any CPU.ActiveCfg = Debug|Any CPU
		{90738939-D7EA-4354-A194-67C37D5A796C}.Debug|Any CPU.Build.0 = Debug|Any CPU
		{90738939-D7EA-4354-A194-67C37D5A796C}.Release|Any CPU.ActiveCfg = Release|Any CPU
		{90738939-D7EA-4354-A194-67C37D5A796C}.Release|Any CPU.Build.0 = Release|Any CPU
	EndGlobalSection
	GlobalSection(SolutionProperties) = preSolution
		HideSolutionNode = FALSE
	EndGlobalSection
	GlobalSection(ExtensibilityGlobals) = postSolution
		SolutionGuid = {AEA1048D-C31E-4564-BC88-E76F67CC356B}
	EndGlobalSection
EndGlobal
